# This file is automatically @generated by Cargo.
# It is not intended for manual editing.
version = 3

[[package]]
name = "crowdquiz"
version = "0.0.0"
dependencies = [
 "crowdquiz-client",
 "crowdquiz-common",
]

[[package]]
name = "crowdquiz-client"
version = "0.0.0"
dependencies = [
 "crowdquiz-common",
]

[[package]]
name = "crowdquiz-common"
version = "0.0.0"
